
Microsoft Visual Studio Solution File, Format Version 12.00
# Visual Studio Version 16
VisualStudioVersion = 16.0.29409.12
MinimumVisualStudioVersion = 10.0.40219.1
Project("{FAE04EC0-301F-11D3-BF4B-00C04F79EFBC}") = "c projekt", "c projekt\c projekt.csproj", "{1AE939B5-3B7A-4C8F-BE40-7955D64D5F3A}"
EndProject
Global
	GlobalSection(SolutionConfigurationPlatforms) = preSolution
		Debug|Any CPU = Debug|Any CPU
		Release|Any CPU = Release|Any CPU
	EndGlobalSection
	GlobalSection(ProjectConfigurationPlatforms) = postSolution
		{1AE939B5-3B7A-4C8F-BE40-7955D64D5F3A}.Debug|Any CPU.ActiveCfg = Debug|Any CPU
		{1AE939B5-3B7A-4C8F-BE40-7955D64D5F3A}.Debug|Any CPU.Build.0 = Debug|Any CPU
		{1AE939B5-3B7A-4C8F-BE40-7955D64D5F3A}.Release|Any CPU.ActiveCfg = Release|Any CPU
		{1AE939B5-3B7A-4C8F-BE40-7955D64D5F3A}.Release|Any CPU.Build.0 = Release|Any CPU
	EndGlobalSection
	GlobalSection(SolutionProperties) = preSolution
		HideSolutionNode = FALSE
	EndGlobalSection
	GlobalSection(ExtensibilityGlobals) = postSolution
		SolutionGuid = {36865062-6A0B-42FC-A8CE-01C3A9A2676E}
	EndGlobalSection
EndGlobal
